
Microsoft Visual Studio Solution File, Format Version 12.00
# Visual Studio Version 17
VisualStudioVersion = 17.0.31903.59
MinimumVisualStudioVersion = 10.0.40219.1
Project("{2150E333-8FDC-42A3-9474-1A3956D46DE8}") = "src", "src", "{62B42932-BA14-4A93-878E-E4334344C368}"
EndProject
Project("{2150E333-8FDC-42A3-9474-1A3956D46DE8}") = "BuildingBlocks", "BuildingBlocks", "{AFCA0E17-28D5-4DC0-995C-10DEE8362A99}"
EndProject
Project("{2150E333-8FDC-42A3-9474-1A3956D46DE8}") = "Services", "Services", "{F215E910-F370-4F00-9862-2E7DAB6A00AD}"
EndProject
Project("{FAE04EC0-301F-11D3-BF4B-00C04F79EFBC}") = "Projection.EventBus", "src\BuildingBlocks\EventBus\Projection.EventBus\Projection.EventBus.csproj", "{03B625B6-1C60-4671-BD79-89AA43F76D0A}"
EndProject
Project("{FAE04EC0-301F-11D3-BF4B-00C04F79EFBC}") = "Projection.EventBusRabbitMQ", "src\BuildingBlocks\EventBus\Projection.EventBusRabbitMQ\Projection.EventBusRabbitMQ.csproj", "{81058E1B-DF47-4FB0-8C3C-AFE77295D061}"
EndProject
Project("{2150E333-8FDC-42A3-9474-1A3956D46DE8}") = "EventBus", "EventBus", "{8C90813B-DC67-4EDC-A5C6-1DEDD025BCD7}"
EndProject
Project("{FAE04EC0-301F-11D3-BF4B-00C04F79EFBC}") = "Projection.IntegrationEventLogEF", "src\BuildingBlocks\EventBus\Projection.IntegrationEventLogEF\Projection.IntegrationEventLogEF.csproj", "{CA35DE08-FE87-47E1-A9FC-35373AE9224A}"
EndProject
Project("{2150E333-8FDC-42A3-9474-1A3956D46DE8}") = "Common", "Common", "{48016BE3-391B-4A01-B5E8-281DC528A8F8}"
EndProject
Project("{2150E333-8FDC-42A3-9474-1A3956D46DE8}") = "ActionResults", "ActionResults", "{670935E5-8C0F-4D15-87E1-E12AF9555315}"
EndProject
Project("{FAE04EC0-301F-11D3-BF4B-00C04F79EFBC}") = "Projection.ActionResults", "src\Common\ActionResults\Projection.ActionResults\Projection.ActionResults.csproj", "{5AFAE296-5CFC-4A12-967D-7745F4B40F85}"
EndProject
Project("{2150E333-8FDC-42A3-9474-1A3956D46DE8}") = "Behaviours", "Behaviours", "{9C722633-8028-4F7E-8509-192190F7698A}"
EndProject
Project("{2150E333-8FDC-42A3-9474-1A3956D46DE8}") = "Data", "Data", "{8130C705-EC76-4EDB-BCFE-A4247C349324}"
EndProject
Project("{2150E333-8FDC-42A3-9474-1A3956D46DE8}") = "Entities", "Entities", "{64C6C78F-A903-4B47-9536-4C641006AF25}"
EndProject
Project("{FAE04EC0-301F-11D3-BF4B-00C04F79EFBC}") = "Projection.BaseEntities", "src\Common\Entities\Projection.BaseEntities\Projection.BaseEntities.csproj", "{2F0D2A37-86AE-4085-BD3C-85DA5DC5E517}"
EndProject
Project("{FAE04EC0-301F-11D3-BF4B-00C04F79EFBC}") = "Projection.DataService", "src\Common\Data\Projection.DataService\Projection.DataService.csproj", "{031ECB15-1F3F-4CAA-9B0D-12966543F186}"
EndProject
Project("{2150E333-8FDC-42A3-9474-1A3956D46DE8}") = "Services", "Services", "{7DA84848-939C-4266-BD0E-1B202C01C74F}"
EndProject
Project("{FAE04EC0-301F-11D3-BF4B-00C04F79EFBC}") = "Projection.IdentityService", "src\Common\Services\Projection.IdentityService\Projection.IdentityService.csproj", "{10385546-2DFE-4EBC-9B21-5F3F17879E1A}"
EndProject
Project("{FAE04EC0-301F-11D3-BF4B-00C04F79EFBC}") = "Projection.IntegrationService", "src\Common\Services\Projection.IntegrationService\Projection.IntegrationService.csproj", "{98194C40-C810-4BC6-A184-734263AD7CEF}"
EndProject
Project("{2150E333-8FDC-42A3-9474-1A3956D46DE8}") = "Exceptions", "Exceptions", "{F5F845D8-7327-491B-8FB9-20DDCD5385E4}"
EndProject
Project("{FAE04EC0-301F-11D3-BF4B-00C04F79EFBC}") = "Projection.ApiExceptions", "src\Common\Exceptions\Projection.ApiExceptions\Projection.ApiExceptions.csproj", "{26FD28CF-5553-4324-8FF1-E7589B8026A9}"
EndProject
Project("{2150E333-8FDC-42A3-9474-1A3956D46DE8}") = "Filters", "Filters", "{C8A35BB8-1295-447F-ABA9-EE16CBD7D04C}"
EndProject
Project("{FAE04EC0-301F-11D3-BF4B-00C04F79EFBC}") = "Projection.GlobalFilters", "src\Common\Filters\Projection.GlobalFilters\Projection.GlobalFilters.csproj", "{52E85028-976C-410F-B569-5B6436469722}"
EndProject
Project("{FAE04EC0-301F-11D3-BF4B-00C04F79EFBC}") = "Projection.Behaviours", "src\Common\Behaviours\Projection.Behaviours\Projection.Behaviours.csproj", "{A819A0D7-4EA1-4B9E-A08B-C9E942844846}"
EndProject
Project("{2150E333-8FDC-42A3-9474-1A3956D46DE8}") = "Modules", "Modules", "{9B2DE38F-BFB9-4368-880F-6323D28B15C5}"
EndProject
Project("{FAE04EC0-301F-11D3-BF4B-00C04F79EFBC}") = "Projection.AutofacModules", "src\Common\Modules\Projection.AutofacModules\Projection.AutofacModules.csproj", "{C8012DC3-23A1-420C-8D7B-73B0F0B0CC48}"
EndProject
Project("{2150E333-8FDC-42A3-9474-1A3956D46DE8}") = "Specifications", "Specifications", "{6703D6E7-2D1C-46E6-99CC-8DA36347A929}"
EndProject
Project("{FAE04EC0-301F-11D3-BF4B-00C04F79EFBC}") = "Projection.Specifications", "src\Common\Specifications\Projection.Specifications\Projection.Specifications.csproj", "{9B20236B-4F48-4D99-A813-800FC3BD3CE1}"
EndProject
Project("{2150E333-8FDC-42A3-9474-1A3956D46DE8}") = "Identity", "Identity", "{ED85BC0F-00FA-4681-BF8C-B53A18AA58F9}"
EndProject
Project("{FAE04EC0-301F-11D3-BF4B-00C04F79EFBC}") = "Projection.Identity", "src\Services\Identity\Projection.Identity\Projection.Identity.csproj", "{632A34AA-53EB-4AF7-84F0-007EB8F8998B}"
EndProject
Project("{E53339B2-1760-4266-BCC7-CA923CBCF16C}") = "docker-compose", "docker-compose.dcproj", "{BC08C1B3-F294-42F0-A769-E83B4DFD4FA9}"
EndProject
Project("{FAE04EC0-301F-11D3-BF4B-00C04F79EFBC}") = "Projection.Accounting", "src\Services\Accounting\Projection.Accounting\Projection.Accounting.csproj", "{906C629D-A3EB-462A-87C9-7C38854AAD44}"
EndProject
Project("{2150E333-8FDC-42A3-9474-1A3956D46DE8}") = "Accounting", "Accounting", "{82E4FE5E-BB25-43F4-9481-D82415A03B5A}"
EndProject
Project("{2150E333-8FDC-42A3-9474-1A3956D46DE8}") = "Solution Items", "Solution Items", "{235AC6AF-90D1-4A39-B87A-6259097E0E26}"
	ProjectSection(SolutionItems) = preProject
		.env = .env
	EndProjectSection
EndProject
Project("{FAE04EC0-301F-11D3-BF4B-00C04F79EFBC}") = "Projection.Accounting.Core", "src\Services\Accounting\Projection.Accounting.Core\Projection.Accounting.Core.csproj", "{6EF326E9-338F-483F-8591-6ACAF816D086}"
EndProject
Project("{2150E333-8FDC-42A3-9474-1A3956D46DE8}") = "Resources", "Resources", "{D7523442-C735-4620-966A-8B96E75BCEE3}"
EndProject
Project("{2150E333-8FDC-42A3-9474-1A3956D46DE8}") = "ApiGateway", "ApiGateway", "{415912CC-9BFE-4570-8B86-C38E8954D5B7}"
EndProject
Project("{FAE04EC0-301F-11D3-BF4B-00C04F79EFBC}") = "Projection.ApiGateway", "src\ApiGateway\Projection.ApiGateway\Projection.ApiGateway.csproj", "{28CA68D5-C4C8-4EEA-A8F0-92C103968920}"
EndProject
Project("{FAE04EC0-301F-11D3-BF4B-00C04F79EFBC}") = "Projection.Accounting.Infrastructure", "src\Services\Accounting\Projection.Accounting.Infrastructure\Projection.Accounting.Infrastructure.csproj", "{80D555B1-2D51-4ADE-A258-4DD415D80BC8}"
EndProject
Project("{2150E333-8FDC-42A3-9474-1A3956D46DE8}") = "Constants", "Constants", "{726882DE-976C-4E6D-B9F1-56EE8F0CED37}"
EndProject
Project("{FAE04EC0-301F-11D3-BF4B-00C04F79EFBC}") = "Projection.GlobalConstants", "src\Common\Constants\Projection.GlobalConstants\Projection.GlobalConstants.csproj", "{DEED7F58-6C7A-4F88-8B4D-FDA607028602}"
EndProject
Global
	GlobalSection(SolutionConfigurationPlatforms) = preSolution
		Debug|Any CPU = Debug|Any CPU
		Release|Any CPU = Release|Any CPU
	EndGlobalSection
	GlobalSection(SolutionProperties) = preSolution
		HideSolutionNode = FALSE
	EndGlobalSection
	GlobalSection(ProjectConfigurationPlatforms) = postSolution
		{03B625B6-1C60-4671-BD79-89AA43F76D0A}.Debug|Any CPU.ActiveCfg = Debug|Any CPU
		{03B625B6-1C60-4671-BD79-89AA43F76D0A}.Debug|Any CPU.Build.0 = Debug|Any CPU
		{03B625B6-1C60-4671-BD79-89AA43F76D0A}.Release|Any CPU.ActiveCfg = Release|Any CPU
		{03B625B6-1C60-4671-BD79-89AA43F76D0A}.Release|Any CPU.Build.0 = Release|Any CPU
		{81058E1B-DF47-4FB0-8C3C-AFE77295D061}.Debug|Any CPU.ActiveCfg = Debug|Any CPU
		{81058E1B-DF47-4FB0-8C3C-AFE77295D061}.Debug|Any CPU.Build.0 = Debug|Any CPU
		{81058E1B-DF47-4FB0-8C3C-AFE77295D061}.Release|Any CPU.ActiveCfg = Release|Any CPU
		{81058E1B-DF47-4FB0-8C3C-AFE77295D061}.Release|Any CPU.Build.0 = Release|Any CPU
		{CA35DE08-FE87-47E1-A9FC-35373AE9224A}.Debug|Any CPU.ActiveCfg = Debug|Any CPU
		{CA35DE08-FE87-47E1-A9FC-35373AE9224A}.Debug|Any CPU.Build.0 = Debug|Any CPU
		{CA35DE08-FE87-47E1-A9FC-35373AE9224A}.Release|Any CPU.ActiveCfg = Release|Any CPU
		{CA35DE08-FE87-47E1-A9FC-35373AE9224A}.Release|Any CPU.Build.0 = Release|Any CPU
		{5AFAE296-5CFC-4A12-967D-7745F4B40F85}.Debug|Any CPU.ActiveCfg = Debug|Any CPU
		{5AFAE296-5CFC-4A12-967D-7745F4B40F85}.Debug|Any CPU.Build.0 = Debug|Any CPU
		{5AFAE296-5CFC-4A12-967D-7745F4B40F85}.Release|Any CPU.ActiveCfg = Release|Any CPU
		{5AFAE296-5CFC-4A12-967D-7745F4B40F85}.Release|Any CPU.Build.0 = Release|Any CPU
		{2F0D2A37-86AE-4085-BD3C-85DA5DC5E517}.Debug|Any CPU.ActiveCfg = Debug|Any CPU
		{2F0D2A37-86AE-4085-BD3C-85DA5DC5E517}.Debug|Any CPU.Build.0 = Debug|Any CPU
		{2F0D2A37-86AE-4085-BD3C-85DA5DC5E517}.Release|Any CPU.ActiveCfg = Release|Any CPU
		{2F0D2A37-86AE-4085-BD3C-85DA5DC5E517}.Release|Any CPU.Build.0 = Release|Any CPU
		{031ECB15-1F3F-4CAA-9B0D-12966543F186}.Debug|Any CPU.ActiveCfg = Debug|Any CPU
		{031ECB15-1F3F-4CAA-9B0D-12966543F186}.Debug|Any CPU.Build.0 = Debug|Any CPU
		{031ECB15-1F3F-4CAA-9B0D-12966543F186}.Release|Any CPU.ActiveCfg = Release|Any CPU
		{031ECB15-1F3F-4CAA-9B0D-12966543F186}.Release|Any CPU.Build.0 = Release|Any CPU
		{10385546-2DFE-4EBC-9B21-5F3F17879E1A}.Debug|Any CPU.ActiveCfg = Debug|Any CPU
		{10385546-2DFE-4EBC-9B21-5F3F17879E1A}.Debug|Any CPU.Build.0 = Debug|Any CPU
		{10385546-2DFE-4EBC-9B21-5F3F17879E1A}.Release|Any CPU.ActiveCfg = Release|Any CPU
		{10385546-2DFE-4EBC-9B21-5F3F17879E1A}.Release|Any CPU.Build.0 = Release|Any CPU
		{98194C40-C810-4BC6-A184-734263AD7CEF}.Debug|Any CPU.ActiveCfg = Debug|Any CPU
		{98194C40-C810-4BC6-A184-734263AD7CEF}.Debug|Any CPU.Build.0 = Debug|Any CPU
		{98194C40-C810-4BC6-A184-734263AD7CEF}.Release|Any CPU.ActiveCfg = Release|Any CPU
		{98194C40-C810-4BC6-A184-734263AD7CEF}.Release|Any CPU.Build.0 = Release|Any CPU
		{26FD28CF-5553-4324-8FF1-E7589B8026A9}.Debug|Any CPU.ActiveCfg = Debug|Any CPU
		{26FD28CF-5553-4324-8FF1-E7589B8026A9}.Debug|Any CPU.Build.0 = Debug|Any CPU
		{26FD28CF-5553-4324-8FF1-E7589B8026A9}.Release|Any CPU.ActiveCfg = Release|Any CPU
		{26FD28CF-5553-4324-8FF1-E7589B8026A9}.Release|Any CPU.Build.0 = Release|Any CPU
		{52E85028-976C-410F-B569-5B6436469722}.Debug|Any CPU.ActiveCfg = Debug|Any CPU
		{52E85028-976C-410F-B569-5B6436469722}.Debug|Any CPU.Build.0 = Debug|Any CPU
		{52E85028-976C-410F-B569-5B6436469722}.Release|Any CPU.ActiveCfg = Release|Any CPU
		{52E85028-976C-410F-B569-5B6436469722}.Release|Any CPU.Build.0 = Release|Any CPU
		{A819A0D7-4EA1-4B9E-A08B-C9E942844846}.Debug|Any CPU.ActiveCfg = Debug|Any CPU
		{A819A0D7-4EA1-4B9E-A08B-C9E942844846}.Debug|Any CPU.Build.0 = Debug|Any CPU
		{A819A0D7-4EA1-4B9E-A08B-C9E942844846}.Release|Any CPU.ActiveCfg = Release|Any CPU
		{A819A0D7-4EA1-4B9E-A08B-C9E942844846}.Release|Any CPU.Build.0 = Release|Any CPU
		{C8012DC3-23A1-420C-8D7B-73B0F0B0CC48}.Debug|Any CPU.ActiveCfg = Debug|Any CPU
		{C8012DC3-23A1-420C-8D7B-73B0F0B0CC48}.Debug|Any CPU.Build.0 = Debug|Any CPU
		{C8012DC3-23A1-420C-8D7B-73B0F0B0CC48}.Release|Any CPU.ActiveCfg = Release|Any CPU
		{C8012DC3-23A1-420C-8D7B-73B0F0B0CC48}.Release|Any CPU.Build.0 = Release|Any CPU
		{9B20236B-4F48-4D99-A813-800FC3BD3CE1}.Debug|Any CPU.ActiveCfg = Debug|Any CPU
		{9B20236B-4F48-4D99-A813-800FC3BD3CE1}.Debug|Any CPU.Build.0 = Debug|Any CPU
		{9B20236B-4F48-4D99-A813-800FC3BD3CE1}.Release|Any CPU.ActiveCfg = Release|Any CPU
		{9B20236B-4F48-4D99-A813-800FC3BD3CE1}.Release|Any CPU.Build.0 = Release|Any CPU
		{AB7E0522-6291-48A1-97B6-179865C127B9}.Debug|Any CPU.ActiveCfg = Debug|Any CPU
		{AB7E0522-6291-48A1-97B6-179865C127B9}.Debug|Any CPU.Build.0 = Debug|Any CPU
		{AB7E0522-6291-48A1-97B6-179865C127B9}.Release|Any CPU.ActiveCfg = Release|Any CPU
		{AB7E0522-6291-48A1-97B6-179865C127B9}.Release|Any CPU.Build.0 = Release|Any CPU
		{632A34AA-53EB-4AF7-84F0-007EB8F8998B}.Debug|Any CPU.ActiveCfg = Debug|Any CPU
		{632A34AA-53EB-4AF7-84F0-007EB8F8998B}.Debug|Any CPU.Build.0 = Debug|Any CPU
		{632A34AA-53EB-4AF7-84F0-007EB8F8998B}.Release|Any CPU.ActiveCfg = Release|Any CPU
		{632A34AA-53EB-4AF7-84F0-007EB8F8998B}.Release|Any CPU.Build.0 = Release|Any CPU
		{BC08C1B3-F294-42F0-A769-E83B4DFD4FA9}.Debug|Any CPU.ActiveCfg = Debug|Any CPU
		{BC08C1B3-F294-42F0-A769-E83B4DFD4FA9}.Debug|Any CPU.Build.0 = Debug|Any CPU
		{BC08C1B3-F294-42F0-A769-E83B4DFD4FA9}.Release|Any CPU.ActiveCfg = Release|Any CPU
		{BC08C1B3-F294-42F0-A769-E83B4DFD4FA9}.Release|Any CPU.Build.0 = Release|Any CPU
		{906C629D-A3EB-462A-87C9-7C38854AAD44}.Debug|Any CPU.ActiveCfg = Debug|Any CPU
		{906C629D-A3EB-462A-87C9-7C38854AAD44}.Debug|Any CPU.Build.0 = Debug|Any CPU
		{906C629D-A3EB-462A-87C9-7C38854AAD44}.Release|Any CPU.ActiveCfg = Release|Any CPU
		{906C629D-A3EB-462A-87C9-7C38854AAD44}.Release|Any CPU.Build.0 = Release|Any CPU
		{6EF326E9-338F-483F-8591-6ACAF816D086}.Debug|Any CPU.ActiveCfg = Debug|Any CPU
		{6EF326E9-338F-483F-8591-6ACAF816D086}.Debug|Any CPU.Build.0 = Debug|Any CPU
		{6EF326E9-338F-483F-8591-6ACAF816D086}.Release|Any CPU.ActiveCfg = Release|Any CPU
		{6EF326E9-338F-483F-8591-6ACAF816D086}.Release|Any CPU.Build.0 = Release|Any CPU
		{28CA68D5-C4C8-4EEA-A8F0-92C103968920}.Debug|Any CPU.ActiveCfg = Debug|Any CPU
		{28CA68D5-C4C8-4EEA-A8F0-92C103968920}.Debug|Any CPU.Build.0 = Debug|Any CPU
		{28CA68D5-C4C8-4EEA-A8F0-92C103968920}.Release|Any CPU.ActiveCfg = Release|Any CPU
		{28CA68D5-C4C8-4EEA-A8F0-92C103968920}.Release|Any CPU.Build.0 = Release|Any CPU
		{80D555B1-2D51-4ADE-A258-4DD415D80BC8}.Debug|Any CPU.ActiveCfg = Debug|Any CPU
		{80D555B1-2D51-4ADE-A258-4DD415D80BC8}.Debug|Any CPU.Build.0 = Debug|Any CPU
		{80D555B1-2D51-4ADE-A258-4DD415D80BC8}.Release|Any CPU.ActiveCfg = Release|Any CPU
		{80D555B1-2D51-4ADE-A258-4DD415D80BC8}.Release|Any CPU.Build.0 = Release|Any CPU
		{DEED7F58-6C7A-4F88-8B4D-FDA607028602}.Debug|Any CPU.ActiveCfg = Debug|Any CPU
		{DEED7F58-6C7A-4F88-8B4D-FDA607028602}.Debug|Any CPU.Build.0 = Debug|Any CPU
		{DEED7F58-6C7A-4F88-8B4D-FDA607028602}.Release|Any CPU.ActiveCfg = Release|Any CPU
		{DEED7F58-6C7A-4F88-8B4D-FDA607028602}.Release|Any CPU.Build.0 = Release|Any CPU
	EndGlobalSection
	GlobalSection(NestedProjects) = preSolution
		{AFCA0E17-28D5-4DC0-995C-10DEE8362A99} = {62B42932-BA14-4A93-878E-E4334344C368}
		{F215E910-F370-4F00-9862-2E7DAB6A00AD} = {62B42932-BA14-4A93-878E-E4334344C368}
		{03B625B6-1C60-4671-BD79-89AA43F76D0A} = {8C90813B-DC67-4EDC-A5C6-1DEDD025BCD7}
		{81058E1B-DF47-4FB0-8C3C-AFE77295D061} = {8C90813B-DC67-4EDC-A5C6-1DEDD025BCD7}
		{8C90813B-DC67-4EDC-A5C6-1DEDD025BCD7} = {AFCA0E17-28D5-4DC0-995C-10DEE8362A99}
		{CA35DE08-FE87-47E1-A9FC-35373AE9224A} = {8C90813B-DC67-4EDC-A5C6-1DEDD025BCD7}
		{48016BE3-391B-4A01-B5E8-281DC528A8F8} = {62B42932-BA14-4A93-878E-E4334344C368}
		{670935E5-8C0F-4D15-87E1-E12AF9555315} = {48016BE3-391B-4A01-B5E8-281DC528A8F8}
		{5AFAE296-5CFC-4A12-967D-7745F4B40F85} = {670935E5-8C0F-4D15-87E1-E12AF9555315}
		{9C722633-8028-4F7E-8509-192190F7698A} = {48016BE3-391B-4A01-B5E8-281DC528A8F8}
		{8130C705-EC76-4EDB-BCFE-A4247C349324} = {48016BE3-391B-4A01-B5E8-281DC528A8F8}
		{64C6C78F-A903-4B47-9536-4C641006AF25} = {48016BE3-391B-4A01-B5E8-281DC528A8F8}
		{2F0D2A37-86AE-4085-BD3C-85DA5DC5E517} = {64C6C78F-A903-4B47-9536-4C641006AF25}
		{031ECB15-1F3F-4CAA-9B0D-12966543F186} = {8130C705-EC76-4EDB-BCFE-A4247C349324}
		{7DA84848-939C-4266-BD0E-1B202C01C74F} = {48016BE3-391B-4A01-B5E8-281DC528A8F8}
		{10385546-2DFE-4EBC-9B21-5F3F17879E1A} = {7DA84848-939C-4266-BD0E-1B202C01C74F}
		{98194C40-C810-4BC6-A184-734263AD7CEF} = {7DA84848-939C-4266-BD0E-1B202C01C74F}
		{F5F845D8-7327-491B-8FB9-20DDCD5385E4} = {48016BE3-391B-4A01-B5E8-281DC528A8F8}
		{26FD28CF-5553-4324-8FF1-E7589B8026A9} = {F5F845D8-7327-491B-8FB9-20DDCD5385E4}
		{C8A35BB8-1295-447F-ABA9-EE16CBD7D04C} = {48016BE3-391B-4A01-B5E8-281DC528A8F8}
		{52E85028-976C-410F-B569-5B6436469722} = {C8A35BB8-1295-447F-ABA9-EE16CBD7D04C}
		{A819A0D7-4EA1-4B9E-A08B-C9E942844846} = {9C722633-8028-4F7E-8509-192190F7698A}
		{9B2DE38F-BFB9-4368-880F-6323D28B15C5} = {48016BE3-391B-4A01-B5E8-281DC528A8F8}
		{C8012DC3-23A1-420C-8D7B-73B0F0B0CC48} = {9B2DE38F-BFB9-4368-880F-6323D28B15C5}
		{6703D6E7-2D1C-46E6-99CC-8DA36347A929} = {48016BE3-391B-4A01-B5E8-281DC528A8F8}
		{9B20236B-4F48-4D99-A813-800FC3BD3CE1} = {6703D6E7-2D1C-46E6-99CC-8DA36347A929}
		{ED85BC0F-00FA-4681-BF8C-B53A18AA58F9} = {F215E910-F370-4F00-9862-2E7DAB6A00AD}
		{632A34AA-53EB-4AF7-84F0-007EB8F8998B} = {ED85BC0F-00FA-4681-BF8C-B53A18AA58F9}
		{906C629D-A3EB-462A-87C9-7C38854AAD44} = {82E4FE5E-BB25-43F4-9481-D82415A03B5A}
		{82E4FE5E-BB25-43F4-9481-D82415A03B5A} = {F215E910-F370-4F00-9862-2E7DAB6A00AD}
		{6EF326E9-338F-483F-8591-6ACAF816D086} = {82E4FE5E-BB25-43F4-9481-D82415A03B5A}
		{415912CC-9BFE-4570-8B86-C38E8954D5B7} = {62B42932-BA14-4A93-878E-E4334344C368}
		{28CA68D5-C4C8-4EEA-A8F0-92C103968920} = {415912CC-9BFE-4570-8B86-C38E8954D5B7}
		{80D555B1-2D51-4ADE-A258-4DD415D80BC8} = {82E4FE5E-BB25-43F4-9481-D82415A03B5A}
		{726882DE-976C-4E6D-B9F1-56EE8F0CED37} = {48016BE3-391B-4A01-B5E8-281DC528A8F8}
		{DEED7F58-6C7A-4F88-8B4D-FDA607028602} = {726882DE-976C-4E6D-B9F1-56EE8F0CED37}
	EndGlobalSection
EndGlobal
